{
  "name": "bonus-2",
  "lockfileVersion": 2,
  "requires": true,
  "packages": {
    "": {
      "dependencies": {
        "reactjs": "^1.0.0"
      }
    },
    "node_modules/reactjs": {
      "version": "1.0.0",
      "resolved": "https://registry.npmjs.org/reactjs/-/reactjs-1.0.0.tgz",
      "integrity": "sha512-qA9hlxvt0NJueuZ+WnFnngajVWCqtGI4/y3mAxN7U5yoiZqaGie/QIvjqI8gUOYU06bh7Qpc872CSxhZiId5Gw=="
    }
  },
  "dependencies": {
    "reactjs": {
      "version": "1.0.0",
      "resolved": "https://registry.npmjs.org/reactjs/-/reactjs-1.0.0.tgz",
      "integrity": "sha512-qA9hlxvt0NJueuZ+WnFnngajVWCqtGI4/y3mAxN7U5yoiZqaGie/QIvjqI8gUOYU06bh7Qpc872CSxhZiId5Gw=="
    }
  }
}
